
Microsoft Visual Studio Solution File, Format Version 12.00
# Visual Studio Version 16
VisualStudioVersion = 16.0.29613.14
MinimumVisualStudioVersion = 15.0.26124.0
Project("{9A19103F-16F7-4668-BE54-9A1E7A4F7556}") = "TimeSeries.Modules", "Source\TimeSeries.Modules\TimeSeries.Modules.csproj", "{7D641409-798A-4E28-A83A-C2CF4E654CFA}"
EndProject
Project("{9A19103F-16F7-4668-BE54-9A1E7A4F7556}") = "TimeSeries.Modules", "Specifications\TimeSeries.Modules\TimeSeries.Modules.csproj", "{16FE7E12-72A3-48E4-848F-DCE1043B1EA7}"
EndProject
Project("{2150E333-8FDC-42A3-9474-1A3956D46DE8}") = "Source", "Source", "{661017D5-B68D-415F-990D-9C545D1F046F}"
EndProject
Project("{9A19103F-16F7-4668-BE54-9A1E7A4F7556}") = "TimeSeries.Modules.IoTEdge", "Source\TimeSeries.Modules.IoTEdge\TimeSeries.Modules.IoTEdge.csproj", "{C4A89B39-3E28-4B3C-8EBA-5BA7D7267185}"
EndProject
Project("{9A19103F-16F7-4668-BE54-9A1E7A4F7556}") = "TimeSeries", "Source\TimeSeries\TimeSeries.csproj", "{EBBDE12E-781B-4245-8DED-99AC12F32662}"
EndProject
Project("{9A19103F-16F7-4668-BE54-9A1E7A4F7556}") = "TimeSeries.Modules.Connectors", "Source\TimeSeries.Modules.Connectors\TimeSeries.Modules.Connectors.csproj", "{7168B84D-C5E3-4597-8D01-1BF3EA62EDD2}"
EndProject
Project("{9A19103F-16F7-4668-BE54-9A1E7A4F7556}") = "TimeSeries.DataTypes", "Source\TimeSeries.DataTypes\TimeSeries.DataTypes.csproj", "{7C861A83-0F00-4390-9A8C-7F2CC3DA161B}"
EndProject
Project("{9A19103F-16F7-4668-BE54-9A1E7A4F7556}") = "TimeSeries.Modules.IoTEdge", "Specifications\TimeSeries.Modules.IoTEdge\TimeSeries.Modules.IoTEdge.csproj", "{5D93709C-2F2F-48F9-9E3A-C395F06887F5}"
EndProject
Project("{9A19103F-16F7-4668-BE54-9A1E7A4F7556}") = "TimeSeries.Modules.EventBus", "Source\TimeSeries.Modules.EventBus\TimeSeries.Modules.EventBus.csproj", "{EF7363BD-67E1-4E86-AB04-DB8DA174E5CA}"
EndProject
Project("{9A19103F-16F7-4668-BE54-9A1E7A4F7556}") = "TimeSeries.Modules.EventBus", "Specifications\TimeSeries.Modules.EventBus\TimeSeries.Modules.EventBus.csproj", "{65EE0D74-89FC-4371-BE4D-F292752FDFF9}"
EndProject
Project("{9A19103F-16F7-4668-BE54-9A1E7A4F7556}") = "TimeSeries.Compression", "Source\TimeSeries.Compression\TimeSeries.Compression.csproj", "{7F471EF8-3918-4A6C-BF30-B8FE2B0C35FC}"
EndProject
Project("{9A19103F-16F7-4668-BE54-9A1E7A4F7556}") = "TimeSeries.Compression", "Specifications\TimeSeries.Compression\TimeSeries.Compression.csproj", "{539FFD8D-21AF-4E9E-A112-6CC78DBE4BB4}"
EndProject
Global
	GlobalSection(SolutionConfigurationPlatforms) = preSolution
		Debug|Any CPU = Debug|Any CPU
		Debug|x64 = Debug|x64
		Debug|x86 = Debug|x86
		Release|Any CPU = Release|Any CPU
		Release|x64 = Release|x64
		Release|x86 = Release|x86
	EndGlobalSection
	GlobalSection(ProjectConfigurationPlatforms) = postSolution
		{7D641409-798A-4E28-A83A-C2CF4E654CFA}.Debug|Any CPU.ActiveCfg = Debug|Any CPU
		{7D641409-798A-4E28-A83A-C2CF4E654CFA}.Debug|Any CPU.Build.0 = Debug|Any CPU
		{7D641409-798A-4E28-A83A-C2CF4E654CFA}.Debug|x64.ActiveCfg = Debug|Any CPU
		{7D641409-798A-4E28-A83A-C2CF4E654CFA}.Debug|x64.Build.0 = Debug|Any CPU
		{7D641409-798A-4E28-A83A-C2CF4E654CFA}.Debug|x86.ActiveCfg = Debug|Any CPU
		{7D641409-798A-4E28-A83A-C2CF4E654CFA}.Debug|x86.Build.0 = Debug|Any CPU
		{7D641409-798A-4E28-A83A-C2CF4E654CFA}.Release|Any CPU.ActiveCfg = Release|Any CPU
		{7D641409-798A-4E28-A83A-C2CF4E654CFA}.Release|Any CPU.Build.0 = Release|Any CPU
		{7D641409-798A-4E28-A83A-C2CF4E654CFA}.Release|x64.ActiveCfg = Release|Any CPU
		{7D641409-798A-4E28-A83A-C2CF4E654CFA}.Release|x64.Build.0 = Release|Any CPU
		{7D641409-798A-4E28-A83A-C2CF4E654CFA}.Release|x86.ActiveCfg = Release|Any CPU
		{7D641409-798A-4E28-A83A-C2CF4E654CFA}.Release|x86.Build.0 = Release|Any CPU
		{16FE7E12-72A3-48E4-848F-DCE1043B1EA7}.Debug|Any CPU.ActiveCfg = Debug|Any CPU
		{16FE7E12-72A3-48E4-848F-DCE1043B1EA7}.Debug|Any CPU.Build.0 = Debug|Any CPU
		{16FE7E12-72A3-48E4-848F-DCE1043B1EA7}.Debug|x64.ActiveCfg = Debug|Any CPU
		{16FE7E12-72A3-48E4-848F-DCE1043B1EA7}.Debug|x64.Build.0 = Debug|Any CPU
		{16FE7E12-72A3-48E4-848F-DCE1043B1EA7}.Debug|x86.ActiveCfg = Debug|Any CPU
		{16FE7E12-72A3-48E4-848F-DCE1043B1EA7}.Debug|x86.Build.0 = Debug|Any CPU
		{16FE7E12-72A3-48E4-848F-DCE1043B1EA7}.Release|Any CPU.ActiveCfg = Release|Any CPU
		{16FE7E12-72A3-48E4-848F-DCE1043B1EA7}.Release|Any CPU.Build.0 = Release|Any CPU
		{16FE7E12-72A3-48E4-848F-DCE1043B1EA7}.Release|x64.ActiveCfg = Release|Any CPU
		{16FE7E12-72A3-48E4-848F-DCE1043B1EA7}.Release|x64.Build.0 = Release|Any CPU
		{16FE7E12-72A3-48E4-848F-DCE1043B1EA7}.Release|x86.ActiveCfg = Release|Any CPU
		{16FE7E12-72A3-48E4-848F-DCE1043B1EA7}.Release|x86.Build.0 = Release|Any CPU
		{C4A89B39-3E28-4B3C-8EBA-5BA7D7267185}.Debug|Any CPU.ActiveCfg = Debug|Any CPU
		{C4A89B39-3E28-4B3C-8EBA-5BA7D7267185}.Debug|Any CPU.Build.0 = Debug|Any CPU
		{C4A89B39-3E28-4B3C-8EBA-5BA7D7267185}.Debug|x64.ActiveCfg = Debug|Any CPU
		{C4A89B39-3E28-4B3C-8EBA-5BA7D7267185}.Debug|x64.Build.0 = Debug|Any CPU
		{C4A89B39-3E28-4B3C-8EBA-5BA7D7267185}.Debug|x86.ActiveCfg = Debug|Any CPU
		{C4A89B39-3E28-4B3C-8EBA-5BA7D7267185}.Debug|x86.Build.0 = Debug|Any CPU
		{C4A89B39-3E28-4B3C-8EBA-5BA7D7267185}.Release|Any CPU.ActiveCfg = Release|Any CPU
		{C4A89B39-3E28-4B3C-8EBA-5BA7D7267185}.Release|Any CPU.Build.0 = Release|Any CPU
		{C4A89B39-3E28-4B3C-8EBA-5BA7D7267185}.Release|x64.ActiveCfg = Release|Any CPU
		{C4A89B39-3E28-4B3C-8EBA-5BA7D7267185}.Release|x64.Build.0 = Release|Any CPU
		{C4A89B39-3E28-4B3C-8EBA-5BA7D7267185}.Release|x86.ActiveCfg = Release|Any CPU
		{C4A89B39-3E28-4B3C-8EBA-5BA7D7267185}.Release|x86.Build.0 = Release|Any CPU
		{EBBDE12E-781B-4245-8DED-99AC12F32662}.Debug|Any CPU.ActiveCfg = Debug|Any CPU
		{EBBDE12E-781B-4245-8DED-99AC12F32662}.Debug|Any CPU.Build.0 = Debug|Any CPU
		{EBBDE12E-781B-4245-8DED-99AC12F32662}.Debug|x64.ActiveCfg = Debug|Any CPU
		{EBBDE12E-781B-4245-8DED-99AC12F32662}.Debug|x64.Build.0 = Debug|Any CPU
		{EBBDE12E-781B-4245-8DED-99AC12F32662}.Debug|x86.ActiveCfg = Debug|Any CPU
		{EBBDE12E-781B-4245-8DED-99AC12F32662}.Debug|x86.Build.0 = Debug|Any CPU
		{EBBDE12E-781B-4245-8DED-99AC12F32662}.Release|Any CPU.ActiveCfg = Release|Any CPU
		{EBBDE12E-781B-4245-8DED-99AC12F32662}.Release|Any CPU.Build.0 = Release|Any CPU
		{EBBDE12E-781B-4245-8DED-99AC12F32662}.Release|x64.ActiveCfg = Release|Any CPU
		{EBBDE12E-781B-4245-8DED-99AC12F32662}.Release|x64.Build.0 = Release|Any CPU
		{EBBDE12E-781B-4245-8DED-99AC12F32662}.Release|x86.ActiveCfg = Release|Any CPU
		{EBBDE12E-781B-4245-8DED-99AC12F32662}.Release|x86.Build.0 = Release|Any CPU
		{7168B84D-C5E3-4597-8D01-1BF3EA62EDD2}.Debug|Any CPU.ActiveCfg = Debug|Any CPU
		{7168B84D-C5E3-4597-8D01-1BF3EA62EDD2}.Debug|Any CPU.Build.0 = Debug|Any CPU
		{7168B84D-C5E3-4597-8D01-1BF3EA62EDD2}.Debug|x64.ActiveCfg = Debug|Any CPU
		{7168B84D-C5E3-4597-8D01-1BF3EA62EDD2}.Debug|x64.Build.0 = Debug|Any CPU
		{7168B84D-C5E3-4597-8D01-1BF3EA62EDD2}.Debug|x86.ActiveCfg = Debug|Any CPU
		{7168B84D-C5E3-4597-8D01-1BF3EA62EDD2}.Debug|x86.Build.0 = Debug|Any CPU
		{7168B84D-C5E3-4597-8D01-1BF3EA62EDD2}.Release|Any CPU.ActiveCfg = Release|Any CPU
		{7168B84D-C5E3-4597-8D01-1BF3EA62EDD2}.Release|Any CPU.Build.0 = Release|Any CPU
		{7168B84D-C5E3-4597-8D01-1BF3EA62EDD2}.Release|x64.ActiveCfg = Release|Any CPU
		{7168B84D-C5E3-4597-8D01-1BF3EA62EDD2}.Release|x64.Build.0 = Release|Any CPU
		{7168B84D-C5E3-4597-8D01-1BF3EA62EDD2}.Release|x86.ActiveCfg = Release|Any CPU
		{7168B84D-C5E3-4597-8D01-1BF3EA62EDD2}.Release|x86.Build.0 = Release|Any CPU
		{7C861A83-0F00-4390-9A8C-7F2CC3DA161B}.Debug|Any CPU.ActiveCfg = Debug|Any CPU
		{7C861A83-0F00-4390-9A8C-7F2CC3DA161B}.Debug|Any CPU.Build.0 = Debug|Any CPU
		{7C861A83-0F00-4390-9A8C-7F2CC3DA161B}.Debug|x64.ActiveCfg = Debug|Any CPU
		{7C861A83-0F00-4390-9A8C-7F2CC3DA161B}.Debug|x64.Build.0 = Debug|Any CPU
		{7C861A83-0F00-4390-9A8C-7F2CC3DA161B}.Debug|x86.ActiveCfg = Debug|Any CPU
		{7C861A83-0F00-4390-9A8C-7F2CC3DA161B}.Debug|x86.Build.0 = Debug|Any CPU
		{7C861A83-0F00-4390-9A8C-7F2CC3DA161B}.Release|Any CPU.ActiveCfg = Release|Any CPU
		{7C861A83-0F00-4390-9A8C-7F2CC3DA161B}.Release|Any CPU.Build.0 = Release|Any CPU
		{7C861A83-0F00-4390-9A8C-7F2CC3DA161B}.Release|x64.ActiveCfg = Release|Any CPU
		{7C861A83-0F00-4390-9A8C-7F2CC3DA161B}.Release|x64.Build.0 = Release|Any CPU
		{7C861A83-0F00-4390-9A8C-7F2CC3DA161B}.Release|x86.ActiveCfg = Release|Any CPU
		{7C861A83-0F00-4390-9A8C-7F2CC3DA161B}.Release|x86.Build.0 = Release|Any CPU
		{5D93709C-2F2F-48F9-9E3A-C395F06887F5}.Debug|Any CPU.ActiveCfg = Debug|Any CPU
		{5D93709C-2F2F-48F9-9E3A-C395F06887F5}.Debug|Any CPU.Build.0 = Debug|Any CPU
		{5D93709C-2F2F-48F9-9E3A-C395F06887F5}.Debug|x64.ActiveCfg = Debug|Any CPU
		{5D93709C-2F2F-48F9-9E3A-C395F06887F5}.Debug|x64.Build.0 = Debug|Any CPU
		{5D93709C-2F2F-48F9-9E3A-C395F06887F5}.Debug|x86.ActiveCfg = Debug|Any CPU
		{5D93709C-2F2F-48F9-9E3A-C395F06887F5}.Debug|x86.Build.0 = Debug|Any CPU
		{5D93709C-2F2F-48F9-9E3A-C395F06887F5}.Release|Any CPU.ActiveCfg = Release|Any CPU
		{5D93709C-2F2F-48F9-9E3A-C395F06887F5}.Release|Any CPU.Build.0 = Release|Any CPU
		{5D93709C-2F2F-48F9-9E3A-C395F06887F5}.Release|x64.ActiveCfg = Release|Any CPU
		{5D93709C-2F2F-48F9-9E3A-C395F06887F5}.Release|x64.Build.0 = Release|Any CPU
		{5D93709C-2F2F-48F9-9E3A-C395F06887F5}.Release|x86.ActiveCfg = Release|Any CPU
		{5D93709C-2F2F-48F9-9E3A-C395F06887F5}.Release|x86.Build.0 = Release|Any CPU
		{EF7363BD-67E1-4E86-AB04-DB8DA174E5CA}.Debug|Any CPU.ActiveCfg = Debug|Any CPU
		{EF7363BD-67E1-4E86-AB04-DB8DA174E5CA}.Debug|Any CPU.Build.0 = Debug|Any CPU
		{EF7363BD-67E1-4E86-AB04-DB8DA174E5CA}.Debug|x64.ActiveCfg = Debug|Any CPU
		{EF7363BD-67E1-4E86-AB04-DB8DA174E5CA}.Debug|x64.Build.0 = Debug|Any CPU
		{EF7363BD-67E1-4E86-AB04-DB8DA174E5CA}.Debug|x86.ActiveCfg = Debug|Any CPU
		{EF7363BD-67E1-4E86-AB04-DB8DA174E5CA}.Debug|x86.Build.0 = Debug|Any CPU
		{EF7363BD-67E1-4E86-AB04-DB8DA174E5CA}.Release|Any CPU.ActiveCfg = Release|Any CPU
		{EF7363BD-67E1-4E86-AB04-DB8DA174E5CA}.Release|Any CPU.Build.0 = Release|Any CPU
		{EF7363BD-67E1-4E86-AB04-DB8DA174E5CA}.Release|x64.ActiveCfg = Release|Any CPU
		{EF7363BD-67E1-4E86-AB04-DB8DA174E5CA}.Release|x64.Build.0 = Release|Any CPU
		{EF7363BD-67E1-4E86-AB04-DB8DA174E5CA}.Release|x86.ActiveCfg = Release|Any CPU
		{EF7363BD-67E1-4E86-AB04-DB8DA174E5CA}.Release|x86.Build.0 = Release|Any CPU
		{65EE0D74-89FC-4371-BE4D-F292752FDFF9}.Debug|Any CPU.ActiveCfg = Debug|Any CPU
		{65EE0D74-89FC-4371-BE4D-F292752FDFF9}.Debug|Any CPU.Build.0 = Debug|Any CPU
		{65EE0D74-89FC-4371-BE4D-F292752FDFF9}.Debug|x64.ActiveCfg = Debug|Any CPU
		{65EE0D74-89FC-4371-BE4D-F292752FDFF9}.Debug|x64.Build.0 = Debug|Any CPU
		{65EE0D74-89FC-4371-BE4D-F292752FDFF9}.Debug|x86.ActiveCfg = Debug|Any CPU
		{65EE0D74-89FC-4371-BE4D-F292752FDFF9}.Debug|x86.Build.0 = Debug|Any CPU
		{65EE0D74-89FC-4371-BE4D-F292752FDFF9}.Release|Any CPU.ActiveCfg = Release|Any CPU
		{65EE0D74-89FC-4371-BE4D-F292752FDFF9}.Release|Any CPU.Build.0 = Release|Any CPU
		{65EE0D74-89FC-4371-BE4D-F292752FDFF9}.Release|x64.ActiveCfg = Release|Any CPU
		{65EE0D74-89FC-4371-BE4D-F292752FDFF9}.Release|x64.Build.0 = Release|Any CPU
		{65EE0D74-89FC-4371-BE4D-F292752FDFF9}.Release|x86.ActiveCfg = Release|Any CPU
		{65EE0D74-89FC-4371-BE4D-F292752FDFF9}.Release|x86.Build.0 = Release|Any CPU
		{7F471EF8-3918-4A6C-BF30-B8FE2B0C35FC}.Debug|Any CPU.ActiveCfg = Debug|Any CPU
		{7F471EF8-3918-4A6C-BF30-B8FE2B0C35FC}.Debug|Any CPU.Build.0 = Debug|Any CPU
		{7F471EF8-3918-4A6C-BF30-B8FE2B0C35FC}.Debug|x64.ActiveCfg = Debug|Any CPU
		{7F471EF8-3918-4A6C-BF30-B8FE2B0C35FC}.Debug|x64.Build.0 = Debug|Any CPU
		{7F471EF8-3918-4A6C-BF30-B8FE2B0C35FC}.Debug|x86.ActiveCfg = Debug|Any CPU
		{7F471EF8-3918-4A6C-BF30-B8FE2B0C35FC}.Debug|x86.Build.0 = Debug|Any CPU
		{7F471EF8-3918-4A6C-BF30-B8FE2B0C35FC}.Release|Any CPU.ActiveCfg = Release|Any CPU
		{7F471EF8-3918-4A6C-BF30-B8FE2B0C35FC}.Release|Any CPU.Build.0 = Release|Any CPU
		{7F471EF8-3918-4A6C-BF30-B8FE2B0C35FC}.Release|x64.ActiveCfg = Release|Any CPU
		{7F471EF8-3918-4A6C-BF30-B8FE2B0C35FC}.Release|x64.Build.0 = Release|Any CPU
		{7F471EF8-3918-4A6C-BF30-B8FE2B0C35FC}.Release|x86.ActiveCfg = Release|Any CPU
		{7F471EF8-3918-4A6C-BF30-B8FE2B0C35FC}.Release|x86.Build.0 = Release|Any CPU
		{539FFD8D-21AF-4E9E-A112-6CC78DBE4BB4}.Debug|Any CPU.ActiveCfg = Debug|Any CPU
		{539FFD8D-21AF-4E9E-A112-6CC78DBE4BB4}.Debug|Any CPU.Build.0 = Debug|Any CPU
		{539FFD8D-21AF-4E9E-A112-6CC78DBE4BB4}.Debug|x64.ActiveCfg = Debug|Any CPU
		{539FFD8D-21AF-4E9E-A112-6CC78DBE4BB4}.Debug|x64.Build.0 = Debug|Any CPU
		{539FFD8D-21AF-4E9E-A112-6CC78DBE4BB4}.Debug|x86.ActiveCfg = Debug|Any CPU
		{539FFD8D-21AF-4E9E-A112-6CC78DBE4BB4}.Debug|x86.Build.0 = Debug|Any CPU
		{539FFD8D-21AF-4E9E-A112-6CC78DBE4BB4}.Release|Any CPU.ActiveCfg = Release|Any CPU
		{539FFD8D-21AF-4E9E-A112-6CC78DBE4BB4}.Release|Any CPU.Build.0 = Release|Any CPU
		{539FFD8D-21AF-4E9E-A112-6CC78DBE4BB4}.Release|x64.ActiveCfg = Release|Any CPU
		{539FFD8D-21AF-4E9E-A112-6CC78DBE4BB4}.Release|x64.Build.0 = Release|Any CPU
		{539FFD8D-21AF-4E9E-A112-6CC78DBE4BB4}.Release|x86.ActiveCfg = Release|Any CPU
		{539FFD8D-21AF-4E9E-A112-6CC78DBE4BB4}.Release|x86.Build.0 = Release|Any CPU
	EndGlobalSection
	GlobalSection(SolutionProperties) = preSolution
		HideSolutionNode = FALSE
	EndGlobalSection
	GlobalSection(NestedProjects) = preSolution
		{C4A89B39-3E28-4B3C-8EBA-5BA7D7267185} = {661017D5-B68D-415F-990D-9C545D1F046F}
		{EBBDE12E-781B-4245-8DED-99AC12F32662} = {661017D5-B68D-415F-990D-9C545D1F046F}
		{7168B84D-C5E3-4597-8D01-1BF3EA62EDD2} = {661017D5-B68D-415F-990D-9C545D1F046F}
		{7C861A83-0F00-4390-9A8C-7F2CC3DA161B} = {661017D5-B68D-415F-990D-9C545D1F046F}
		{7F471EF8-3918-4A6C-BF30-B8FE2B0C35FC} = {661017D5-B68D-415F-990D-9C545D1F046F}
	EndGlobalSection
	GlobalSection(ExtensibilityGlobals) = postSolution
		SolutionGuid = {E55D64FD-9552-4942-888A-C25B0E5B30E4}
	EndGlobalSection
EndGlobal
